
Microsoft Visual Studio Solution File, Format Version 12.00
# Visual Studio 15
VisualStudioVersion = 15.0.28307.902
MinimumVisualStudioVersion = 10.0.40219.1
Project("{FAE04EC0-301F-11D3-BF4B-00C04F79EFBC}") = "BDD_Framework_POC", "BDD_Framework_POC\BDD_Framework_POC.csproj", "{25B24AED-F292-4C28-ABCF-98835C13C741}"
EndProject
Global
	GlobalSection(SolutionConfigurationPlatforms) = preSolution
		Debug|Any CPU = Debug|Any CPU
		Release|Any CPU = Release|Any CPU
	EndGlobalSection
	GlobalSection(ProjectConfigurationPlatforms) = postSolution
		{25B24AED-F292-4C28-ABCF-98835C13C741}.Debug|Any CPU.ActiveCfg = Debug|Any CPU
		{25B24AED-F292-4C28-ABCF-98835C13C741}.Debug|Any CPU.Build.0 = Debug|Any CPU
		{25B24AED-F292-4C28-ABCF-98835C13C741}.Release|Any CPU.ActiveCfg = Release|Any CPU
		{25B24AED-F292-4C28-ABCF-98835C13C741}.Release|Any CPU.Build.0 = Release|Any CPU
	EndGlobalSection
	GlobalSection(SolutionProperties) = preSolution
		HideSolutionNode = FALSE
	EndGlobalSection
	GlobalSection(ExtensibilityGlobals) = postSolution
		SolutionGuid = {3C9BCC48-01C3-4EB3-8947-00E711EC6C57}
	EndGlobalSection
EndGlobal
